// !$*UTF8*$!
{
	archiveVersion = 1;
	classes = {
	};
	objectVersion = 46;
	objects = {

/* Begin PBXBuildFile section */
		474457726B1BE2BD78C354E9 /* libPods-DukeHack.a in Frameworks */ = {isa = PBXBuildFile; fileRef = C4D6A2A9B2BEB16E8740C82D /* libPods-DukeHack.a */; };
		4D411B8E1A16ADE600A46C35 /* AudioToolbox.framework in Frameworks */ = {isa = PBXBuildFile; fileRef = 4D411B861A16ADE500A46C35 /* AudioToolbox.framework */; };
		4D411B8F1A16ADE600A46C35 /* CoreAudio.framework in Frameworks */ = {isa = PBXBuildFile; fileRef = 4D411B871A16ADE500A46C35 /* CoreAudio.framework */; };
		4D411B911A16ADE600A46C35 /* MediaPlayer.framework in Frameworks */ = {isa = PBXBuildFile; fileRef = 4D411B891A16ADE500A46C35 /* MediaPlayer.framework */; };
		4D411B921A16ADE600A46C35 /* UIKit.framework in Frameworks */ = {isa = PBXBuildFile; fileRef = 4D411B8A1A16ADE500A46C35 /* UIKit.framework */; };
		4D411B931A16ADE600A46C35 /* Foundation.framework in Frameworks */ = {isa = PBXBuildFile; fileRef = 4D411B8B1A16ADE500A46C35 /* Foundation.framework */; };
		4D411B941A16ADE600A46C35 /* CoreGraphics.framework in Frameworks */ = {isa = PBXBuildFile; fileRef = 4D411B8C1A16ADE500A46C35 /* CoreGraphics.framework */; };
		4D4E3F591A1730E100DB1F56 /* MainViewController.m in Sources */ = {isa = PBXBuildFile; fileRef = 4D4E3F581A1730E100DB1F56 /* MainViewController.m */; };
		4D68B9521A16AD39003285E4 /* main.m in Sources */ = {isa = PBXBuildFile; fileRef = 4D68B9511A16AD39003285E4 /* main.m */; };
		4D68B9551A16AD3A003285E4 /* AppDelegate.m in Sources */ = {isa = PBXBuildFile; fileRef = 4D68B9541A16AD3A003285E4 /* AppDelegate.m */; };
		4D68B9581A16AD3A003285E4 /* DukeHack.xcdatamodeld in Sources */ = {isa = PBXBuildFile; fileRef = 4D68B9561A16AD3A003285E4 /* DukeHack.xcdatamodeld */; };
		4D68B95E1A16AD3B003285E4 /* Main.storyboard in Resources */ = {isa = PBXBuildFile; fileRef = 4D68B95C1A16AD3B003285E4 /* Main.storyboard */; };
		4D68B9601A16AD3B003285E4 /* Images.xcassets in Resources */ = {isa = PBXBuildFile; fileRef = 4D68B95F1A16AD3B003285E4 /* Images.xcassets */; };
		4D68B9631A16AD3B003285E4 /* LaunchScreen.xib in Resources */ = {isa = PBXBuildFile; fileRef = 4D68B9611A16AD3B003285E4 /* LaunchScreen.xib */; };
		4D68B96F1A16AD3D003285E4 /* DukeHackTests.m in Sources */ = {isa = PBXBuildFile; fileRef = 4D68B96E1A16AD3D003285E4 /* DukeHackTests.m */; };
		4D6B461C1A18CD8500320293 /* Media-Play-256.png in Resources */ = {isa = PBXBuildFile; fileRef = 4D6B461B1A18CD8500320293 /* Media-Play-256.png */; };
		4D6B461E1A18CDD100320293 /* pin.png in Resources */ = {isa = PBXBuildFile; fileRef = 4D6B461D1A18CDD100320293 /* pin.png */; };
		4D6B46201A18DFB900320293 /* fast-forward.png in Resources */ = {isa = PBXBuildFile; fileRef = 4D6B461F1A18DFB900320293 /* fast-forward.png */; };
		4D6B46221A18E04500320293 /* rewind.png in Resources */ = {isa = PBXBuildFile; fileRef = 4D6B46211A18E04500320293 /* rewind.png */; };
		4D7AF8C11A170C7D00DB5B66 /* LoadingViewController.m in Sources */ = {isa = PBXBuildFile; fileRef = 4D7AF8C01A170C7D00DB5B66 /* LoadingViewController.m */; };
		4D85AF711A17A379002E4C0D /* CoreMedia.framework in Frameworks */ = {isa = PBXBuildFile; fileRef = 4D85AF701A17A379002E4C0D /* CoreMedia.framework */; };
		4D85AF761A17A7EF002E4C0D /* AVFoundation.framework in Frameworks */ = {isa = PBXBuildFile; fileRef = 4D85AF751A17A7EF002E4C0D /* AVFoundation.framework */; };
		4D9D93E01A17E60A001B5017 /* SongDictionary.m in Sources */ = {isa = PBXBuildFile; fileRef = 4D9D93DF1A17E60A001B5017 /* SongDictionary.m */; };
		4DEFBDF81A18E2A900E9F519 /* play.png in Resources */ = {isa = PBXBuildFile; fileRef = 4DEFBDF71A18E2A900E9F519 /* play.png */; };
		4DF1B9A11A18E332006C0262 /* pause.png in Resources */ = {isa = PBXBuildFile; fileRef = 4DF1B9A01A18E332006C0262 /* pause.png */; };
		62518C791A17769E00CBBCE2 /* CoreLocation.framework in Frameworks */ = {isa = PBXBuildFile; fileRef = 62518C781A17769E00CBBCE2 /* CoreLocation.framework */; };
		62518C7C1A17B3B600CBBCE2 /* MapViewController.m in Sources */ = {isa = PBXBuildFile; fileRef = 62518C7B1A17B3B600CBBCE2 /* MapViewController.m */; };
		62518C7F1A17B69700CBBCE2 /* AppCommunication.m in Sources */ = {isa = PBXBuildFile; fileRef = 62518C7E1A17B69700CBBCE2 /* AppCommunication.m */; };
/* End PBXBuildFile section */

/* Begin PBXContainerItemProxy section */
		4D68B9691A16AD3C003285E4 /* PBXContainerItemProxy */ = {
			isa = PBXContainerItemProxy;
			containerPortal = 4D68B9441A16AD39003285E4 /* Project object */;
			proxyType = 1;
			remoteGlobalIDString = 4D68B94B1A16AD39003285E4;
			remoteInfo = DukeHack;
		};
/* End PBXContainerItemProxy section */

/* Begin PBXFileReference section */
		4D411B851A16ADE500A46C35 /* CoreMedia.framework */ = {isa = PBXFileReference; lastKnownFileType = wrapper.framework; path = CoreMedia.framework; sourceTree = "<group>"; };
		4D411B861A16ADE500A46C35 /* AudioToolbox.framework */ = {isa = PBXFileReference; lastKnownFileType = wrapper.framework; path = AudioToolbox.framework; sourceTree = "<group>"; };
		4D411B871A16ADE500A46C35 /* CoreAudio.framework */ = {isa = PBXFileReference; lastKnownFileType = wrapper.framework; path = CoreAudio.framework; sourceTree = "<group>"; };
		4D411B891A16ADE500A46C35 /* MediaPlayer.framework */ = {isa = PBXFileReference; lastKnownFileType = wrapper.framework; path = MediaPlayer.framework; sourceTree = "<group>"; };
		4D411B8A1A16ADE500A46C35 /* UIKit.framework */ = {isa = PBXFileReference; lastKnownFileType = wrapper.framework; path = UIKit.framework; sourceTree = "<group>"; };
		4D411B8B1A16ADE500A46C35 /* Foundation.framework */ = {isa = PBXFileReference; lastKnownFileType = wrapper.framework; path = Foundation.framework; sourceTree = "<group>"; };
		4D411B8C1A16ADE500A46C35 /* CoreGraphics.framework */ = {isa = PBXFileReference; lastKnownFileType = wrapper.framework; path = CoreGraphics.framework; sourceTree = "<group>"; };
		4D4E3F571A1730E100DB1F56 /* MainViewController.h */ = {isa = PBXFileReference; fileEncoding = 4; lastKnownFileType = sourcecode.c.h; path = MainViewController.h; sourceTree = "<group>"; };
		4D4E3F581A1730E100DB1F56 /* MainViewController.m */ = {isa = PBXFileReference; fileEncoding = 4; lastKnownFileType = sourcecode.c.objc; path = MainViewController.m; sourceTree = "<group>"; };
		4D68B94C1A16AD39003285E4 /* DukeHack.app */ = {isa = PBXFileReference; explicitFileType = wrapper.application; includeInIndex = 0; path = DukeHack.app; sourceTree = BUILT_PRODUCTS_DIR; };
		4D68B9501A16AD39003285E4 /* Info.plist */ = {isa = PBXFileReference; lastKnownFileType = text.plist.xml; path = Info.plist; sourceTree = "<group>"; };
		4D68B9511A16AD39003285E4 /* main.m */ = {isa = PBXFileReference; lastKnownFileType = sourcecode.c.objc; path = main.m; sourceTree = "<group>"; };
		4D68B9531A16AD39003285E4 /* AppDelegate.h */ = {isa = PBXFileReference; lastKnownFileType = sourcecode.c.h; path = AppDelegate.h; sourceTree = "<group>"; };
		4D68B9541A16AD3A003285E4 /* AppDelegate.m */ = {isa = PBXFileReference; lastKnownFileType = sourcecode.c.objc; path = AppDelegate.m; sourceTree = "<group>"; };
		4D68B9571A16AD3A003285E4 /* DukeHack.xcdatamodel */ = {isa = PBXFileReference; lastKnownFileType = wrapper.xcdatamodel; path = DukeHack.xcdatamodel; sourceTree = "<group>"; };
		4D68B95D1A16AD3B003285E4 /* Base */ = {isa = PBXFileReference; lastKnownFileType = file.storyboard; name = Base; path = Base.lproj/Main.storyboard; sourceTree = "<group>"; };
		4D68B95F1A16AD3B003285E4 /* Images.xcassets */ = {isa = PBXFileReference; lastKnownFileType = folder.assetcatalog; path = Images.xcassets; sourceTree = "<group>"; };
		4D68B9621A16AD3B003285E4 /* Base */ = {isa = PBXFileReference; lastKnownFileType = file.xib; name = Base; path = Base.lproj/LaunchScreen.xib; sourceTree = "<group>"; };
		4D68B9681A16AD3C003285E4 /* DukeHackTests.xctest */ = {isa = PBXFileReference; explicitFileType = wrapper.cfbundle; includeInIndex = 0; path = DukeHackTests.xctest; sourceTree = BUILT_PRODUCTS_DIR; };
		4D68B96D1A16AD3C003285E4 /* Info.plist */ = {isa = PBXFileReference; lastKnownFileType = text.plist.xml; path = Info.plist; sourceTree = "<group>"; };
		4D68B96E1A16AD3D003285E4 /* DukeHackTests.m */ = {isa = PBXFileReference; lastKnownFileType = sourcecode.c.objc; path = DukeHackTests.m; sourceTree = "<group>"; };
		4D6B461B1A18CD8500320293 /* Media-Play-256.png */ = {isa = PBXFileReference; lastKnownFileType = image.png; path = "Media-Play-256.png"; sourceTree = "<group>"; };
		4D6B461D1A18CDD100320293 /* pin.png */ = {isa = PBXFileReference; lastKnownFileType = image.png; path = pin.png; sourceTree = "<group>"; };
		4D6B461F1A18DFB900320293 /* fast-forward.png */ = {isa = PBXFileReference; lastKnownFileType = image.png; path = "fast-forward.png"; sourceTree = "<group>"; };
		4D6B46211A18E04500320293 /* rewind.png */ = {isa = PBXFileReference; lastKnownFileType = image.png; path = rewind.png; sourceTree = "<group>"; };
		4D7AF8BF1A170C7D00DB5B66 /* LoadingViewController.h */ = {isa = PBXFileReference; fileEncoding = 4; lastKnownFileType = sourcecode.c.h; path = LoadingViewController.h; sourceTree = "<group>"; };
		4D7AF8C01A170C7D00DB5B66 /* LoadingViewController.m */ = {isa = PBXFileReference; fileEncoding = 4; lastKnownFileType = sourcecode.c.objc; path = LoadingViewController.m; sourceTree = "<group>"; };
		4D85AF701A17A379002E4C0D /* CoreMedia.framework */ = {isa = PBXFileReference; lastKnownFileType = wrapper.framework; name = CoreMedia.framework; path = System/Library/Frameworks/CoreMedia.framework; sourceTree = SDKROOT; };
		4D85AF751A17A7EF002E4C0D /* AVFoundation.framework */ = {isa = PBXFileReference; lastKnownFileType = wrapper.framework; name = AVFoundation.framework; path = System/Library/Frameworks/AVFoundation.framework; sourceTree = SDKROOT; };
		4D9D93DE1A17E60A001B5017 /* SongDictionary.h */ = {isa = PBXFileReference; fileEncoding = 4; lastKnownFileType = sourcecode.c.h; path = SongDictionary.h; sourceTree = "<group>"; };
		4D9D93DF1A17E60A001B5017 /* SongDictionary.m */ = {isa = PBXFileReference; fileEncoding = 4; lastKnownFileType = sourcecode.c.objc; path = SongDictionary.m; sourceTree = "<group>"; };
		4DEFBDF71A18E2A900E9F519 /* play.png */ = {isa = PBXFileReference; lastKnownFileType = image.png; path = play.png; sourceTree = "<group>"; };
		4DF1B9A01A18E332006C0262 /* pause.png */ = {isa = PBXFileReference; lastKnownFileType = image.png; path = pause.png; sourceTree = "<group>"; };
		62518C781A17769E00CBBCE2 /* CoreLocation.framework */ = {isa = PBXFileReference; lastKnownFileType = wrapper.framework; name = CoreLocation.framework; path = System/Library/Frameworks/CoreLocation.framework; sourceTree = SDKROOT; };
		62518C7A1A17B3B600CBBCE2 /* MapViewController.h */ = {isa = PBXFileReference; fileEncoding = 4; lastKnownFileType = sourcecode.c.h; path = MapViewController.h; sourceTree = "<group>"; };
		62518C7B1A17B3B600CBBCE2 /* MapViewController.m */ = {isa = PBXFileReference; fileEncoding = 4; lastKnownFileType = sourcecode.c.objc; path = MapViewController.m; sourceTree = "<group>"; };
		62518C7D1A17B69700CBBCE2 /* AppCommunication.h */ = {isa = PBXFileReference; fileEncoding = 4; lastKnownFileType = sourcecode.c.h; path = AppCommunication.h; sourceTree = "<group>"; };
		62518C7E1A17B69700CBBCE2 /* AppCommunication.m */ = {isa = PBXFileReference; fileEncoding = 4; lastKnownFileType = sourcecode.c.objc; path = AppCommunication.m; sourceTree = "<group>"; };
		921ECAC73139BF2234C8C44B /* Pods-DukeHack.debug.xcconfig */ = {isa = PBXFileReference; includeInIndex = 1; lastKnownFileType = text.xcconfig; name = "Pods-DukeHack.debug.xcconfig"; path = "Pods/Target Support Files/Pods-DukeHack/Pods-DukeHack.debug.xcconfig"; sourceTree = "<group>"; };
		AD2D6B4FD5CF3B1DB8B9F04B /* Pods-DukeHack.release.xcconfig */ = {isa = PBXFileReference; includeInIndex = 1; lastKnownFileType = text.xcconfig; name = "Pods-DukeHack.release.xcconfig"; path = "Pods/Target Support Files/Pods-DukeHack/Pods-DukeHack.release.xcconfig"; sourceTree = "<group>"; };
		C4D6A2A9B2BEB16E8740C82D /* libPods-DukeHack.a */ = {isa = PBXFileReference; explicitFileType = archive.ar; includeInIndex = 0; path = "libPods-DukeHack.a"; sourceTree = BUILT_PRODUCTS_DIR; };
/* End PBXFileReference section */

/* Begin PBXFrameworksBuildPhase section */
		4D68B9491A16AD39003285E4 /* Frameworks */ = {
			isa = PBXFrameworksBuildPhase;
			buildActionMask = 2147483647;
			files = (
				4D85AF761A17A7EF002E4C0D /* AVFoundation.framework in Frameworks */,
				4D85AF711A17A379002E4C0D /* CoreMedia.framework in Frameworks */,
				62518C791A17769E00CBBCE2 /* CoreLocation.framework in Frameworks */,
				4D411B921A16ADE600A46C35 /* UIKit.framework in Frameworks */,
				4D411B911A16ADE600A46C35 /* MediaPlayer.framework in Frameworks */,
				4D411B8F1A16ADE600A46C35 /* CoreAudio.framework in Frameworks */,
				4D411B941A16ADE600A46C35 /* CoreGraphics.framework in Frameworks */,
				4D411B931A16ADE600A46C35 /* Foundation.framework in Frameworks */,
				4D411B8E1A16ADE600A46C35 /* AudioToolbox.framework in Frameworks */,
				474457726B1BE2BD78C354E9 /* libPods-DukeHack.a in Frameworks */,
			);
			runOnlyForDeploymentPostprocessing = 0;
		};
		4D68B9651A16AD3C003285E4 /* Frameworks */ = {
			isa = PBXFrameworksBuildPhase;
			buildActionMask = 2147483647;
			files = (
			);
			runOnlyForDeploymentPostprocessing = 0;
		};
/* End PBXFrameworksBuildPhase section */

/* Begin PBXGroup section */
		4D411B951A16ADF200A46C35 /* Frameworks */ = {
			isa = PBXGroup;
			children = (
				4D85AF751A17A7EF002E4C0D /* AVFoundation.framework */,
				4D85AF701A17A379002E4C0D /* CoreMedia.framework */,
				62518C781A17769E00CBBCE2 /* CoreLocation.framework */,
				4D411B851A16ADE500A46C35 /* CoreMedia.framework */,
				4D411B861A16ADE500A46C35 /* AudioToolbox.framework */,
				4D411B871A16ADE500A46C35 /* CoreAudio.framework */,
				4D411B891A16ADE500A46C35 /* MediaPlayer.framework */,
				4D411B8A1A16ADE500A46C35 /* UIKit.framework */,
				4D411B8B1A16ADE500A46C35 /* Foundation.framework */,
				4D411B8C1A16ADE500A46C35 /* CoreGraphics.framework */,
				C4D6A2A9B2BEB16E8740C82D /* libPods-DukeHack.a */,
			);
			name = Frameworks;
			sourceTree = "<group>";
		};
		4D68B9431A16AD39003285E4 = {
			isa = PBXGroup;
			children = (
				4D68B94E1A16AD39003285E4 /* DukeHack */,
				4D68B96B1A16AD3C003285E4 /* DukeHackTests */,
				4D68B94D1A16AD39003285E4 /* Products */,
				4D411B951A16ADF200A46C35 /* Frameworks */,
				530709FCF3A44A57BA790946 /* Pods */,
			);
			sourceTree = "<group>";
		};
		4D68B94D1A16AD39003285E4 /* Products */ = {
			isa = PBXGroup;
			children = (
				4D68B94C1A16AD39003285E4 /* DukeHack.app */,
				4D68B9681A16AD3C003285E4 /* DukeHackTests.xctest */,
			);
			name = Products;
			sourceTree = "<group>";
		};
		4D68B94E1A16AD39003285E4 /* DukeHack */ = {
			isa = PBXGroup;
			children = (
				62518C7D1A17B69700CBBCE2 /* AppCommunication.h */,
				62518C7E1A17B69700CBBCE2 /* AppCommunication.m */,
				62518C7A1A17B3B600CBBCE2 /* MapViewController.h */,
				62518C7B1A17B3B600CBBCE2 /* MapViewController.m */,
				4D68B9531A16AD39003285E4 /* AppDelegate.h */,
				4D68B9541A16AD3A003285E4 /* AppDelegate.m */,
				4D7AF8BF1A170C7D00DB5B66 /* LoadingViewController.h */,
				4D7AF8C01A170C7D00DB5B66 /* LoadingViewController.m */,
				4D68B95C1A16AD3B003285E4 /* Main.storyboard */,
				4D4E3F571A1730E100DB1F56 /* MainViewController.h */,
				4D4E3F581A1730E100DB1F56 /* MainViewController.m */,
				4D9D93DE1A17E60A001B5017 /* SongDictionary.h */,
				4D9D93DF1A17E60A001B5017 /* SongDictionary.m */,
				4D6B461B1A18CD8500320293 /* Media-Play-256.png */,
				4DF1B9A01A18E332006C0262 /* pause.png */,
				4D6B46211A18E04500320293 /* rewind.png */,
				4DEFBDF71A18E2A900E9F519 /* play.png */,
				4D6B461D1A18CDD100320293 /* pin.png */,
				4D6B461F1A18DFB900320293 /* fast-forward.png */,
				4D68B95F1A16AD3B003285E4 /* Images.xcassets */,
				4D68B9611A16AD3B003285E4 /* LaunchScreen.xib */,
				4D68B9561A16AD3A003285E4 /* DukeHack.xcdatamodeld */,
				4D68B94F1A16AD39003285E4 /* Supporting Files */,
			);
			path = DukeHack;
			sourceTree = "<group>";
		};
		4D68B94F1A16AD39003285E4 /* Supporting Files */ = {
			isa = PBXGroup;
			children = (
				4D68B9501A16AD39003285E4 /* Info.plist */,
				4D68B9511A16AD39003285E4 /* main.m */,
			);
			name = "Supporting Files";
			sourceTree = "<group>";
		};
		4D68B96B1A16AD3C003285E4 /* DukeHackTests */ = {
			isa = PBXGroup;
			children = (
				4D68B96E1A16AD3D003285E4 /* DukeHackTests.m */,
				4D68B96C1A16AD3C003285E4 /* Supporting Files */,
			);
			path = DukeHackTests;
			sourceTree = "<group>";
		};
		4D68B96C1A16AD3C003285E4 /* Supporting Files */ = {
			isa = PBXGroup;
			children = (
				4D68B96D1A16AD3C003285E4 /* Info.plist */,
			);
			name = "Supporting Files";
			sourceTree = "<group>";
		};
		530709FCF3A44A57BA790946 /* Pods */ = {
			isa = PBXGroup;
			children = (
				921ECAC73139BF2234C8C44B /* Pods-DukeHack.debug.xcconfig */,
				AD2D6B4FD5CF3B1DB8B9F04B /* Pods-DukeHack.release.xcconfig */,
			);
			name = Pods;
			sourceTree = "<group>";
		};
/* End PBXGroup section */

/* Begin PBXNativeTarget section */
		4D68B94B1A16AD39003285E4 /* DukeHack */ = {
			isa = PBXNativeTarget;
			buildConfigurationList = 4D68B9721A16AD3D003285E4 /* Build configuration list for PBXNativeTarget "DukeHack" */;
			buildPhases = (
				E40543351CD7E93F0FE9F3F9 /* Check Pods Manifest.lock */,
				4D68B9481A16AD39003285E4 /* Sources */,
				4D68B9491A16AD39003285E4 /* Frameworks */,
				4D68B94A1A16AD39003285E4 /* Resources */,
				BFD5EFEFEE36715915C0C401 /* Copy Pods Resources */,
			);
			buildRules = (
			);
			dependencies = (
			);
			name = DukeHack;
			productName = DukeHack;
			productReference = 4D68B94C1A16AD39003285E4 /* DukeHack.app */;
			productType = "com.apple.product-type.application";
		};
		4D68B9671A16AD3C003285E4 /* DukeHackTests */ = {
			isa = PBXNativeTarget;
			buildConfigurationList = 4D68B9751A16AD3D003285E4 /* Build configuration list for PBXNativeTarget "DukeHackTests" */;
			buildPhases = (
				4D68B9641A16AD3C003285E4 /* Sources */,
				4D68B9651A16AD3C003285E4 /* Frameworks */,
				4D68B9661A16AD3C003285E4 /* Resources */,
			);
			buildRules = (
			);
			dependencies = (
				4D68B96A1A16AD3C003285E4 /* PBXTargetDependency */,
			);
			name = DukeHackTests;
			productName = DukeHackTests;
			productReference = 4D68B9681A16AD3C003285E4 /* DukeHackTests.xctest */;
			productType = "com.apple.product-type.bundle.unit-test";
		};
/* End PBXNativeTarget section */

/* Begin PBXProject section */
		4D68B9441A16AD39003285E4 /* Project object */ = {
			isa = PBXProject;
			attributes = {
				LastUpgradeCheck = 0610;
				ORGANIZATIONNAME = "Phillip Ou";
				TargetAttributes = {
					4D68B94B1A16AD39003285E4 = {
						CreatedOnToolsVersion = 6.1;
						DevelopmentTeam = 8V8HUCA3M9;
					};
					4D68B9671A16AD3C003285E4 = {
						CreatedOnToolsVersion = 6.1;
						DevelopmentTeam = 8V8HUCA3M9;
						TestTargetID = 4D68B94B1A16AD39003285E4;
					};
				};
			};
			buildConfigurationList = 4D68B9471A16AD39003285E4 /* Build configuration list for PBXProject "DukeHack" */;
			compatibilityVersion = "Xcode 3.2";
			developmentRegion = English;
			hasScannedForEncodings = 0;
			knownRegions = (
				en,
				Base,
			);
			mainGroup = 4D68B9431A16AD39003285E4;
			productRefGroup = 4D68B94D1A16AD39003285E4 /* Products */;
			projectDirPath = "";
			projectRoot = "";
			targets = (
				4D68B94B1A16AD39003285E4 /* DukeHack */,
				4D68B9671A16AD3C003285E4 /* DukeHackTests */,
			);
		};
/* End PBXProject section */

/* Begin PBXResourcesBuildPhase section */
		4D68B94A1A16AD39003285E4 /* Resources */ = {
			isa = PBXResourcesBuildPhase;
			buildActionMask = 2147483647;
			files = (
				4D68B95E1A16AD3B003285E4 /* Main.storyboard in Resources */,
				4DEFBDF81A18E2A900E9F519 /* play.png in Resources */,
				4D6B46201A18DFB900320293 /* fast-forward.png in Resources */,
				4D6B46221A18E04500320293 /* rewind.png in Resources */,
				4D68B9631A16AD3B003285E4 /* LaunchScreen.xib in Resources */,
				4DF1B9A11A18E332006C0262 /* pause.png in Resources */,
				4D6B461C1A18CD8500320293 /* Media-Play-256.png in Resources */,
				4D6B461E1A18CDD100320293 /* pin.png in Resources */,
				4D68B9601A16AD3B003285E4 /* Images.xcassets in Resources */,
			);
			runOnlyForDeploymentPostprocessing = 0;
		};
		4D68B9661A16AD3C003285E4 /* Resources */ = {
			isa = PBXResourcesBuildPhase;
			buildActionMask = 2147483647;
			files = (
			);
			runOnlyForDeploymentPostprocessing = 0;
		};
/* End PBXResourcesBuildPhase section */

/* Begin PBXShellScriptBuildPhase section */
		BFD5EFEFEE36715915C0C401 /* Copy Pods Resources */ = {
			isa = PBXShellScriptBuildPhase;
			buildActionMask = 2147483647;
			files = (
			);
			inputPaths = (
			);
			name = "Copy Pods Resources";
			outputPaths = (
			);
			runOnlyForDeploymentPostprocessing = 0;
			shellPath = /bin/sh;
			shellScript = "\"${SRCROOT}/Pods/Target Support Files/Pods-DukeHack/Pods-DukeHack-resources.sh\"\n";
			showEnvVarsInLog = 0;
		};
		E40543351CD7E93F0FE9F3F9 /* Check Pods Manifest.lock */ = {
			isa = PBXShellScriptBuildPhase;
			buildActionMask = 2147483647;
			files = (
			);
			inputPaths = (
			);
			name = "Check Pods Manifest.lock";
			outputPaths = (
			);
			runOnlyForDeploymentPostprocessing = 0;
			shellPath = /bin/sh;
			shellScript = "diff \"${PODS_ROOT}/../Podfile.lock\" \"${PODS_ROOT}/Manifest.lock\" > /dev/null\nif [[ $? != 0 ]] ; then\n    cat << EOM\nerror: The sandbox is not in sync with the Podfile.lock. Run 'pod install' or update your CocoaPods installation.\nEOM\n    exit 1\nfi\n";
			showEnvVarsInLog = 0;
		};
/* End PBXShellScriptBuildPhase section */

/* Begin PBXSourcesBuildPhase section */
		4D68B9481A16AD39003285E4 /* Sources */ = {
			isa = PBXSourcesBuildPhase;
			buildActionMask = 2147483647;
			files = (
				4D68B9551A16AD3A003285E4 /* AppDelegate.m in Sources */,
				62518C7F1A17B69700CBBCE2 /* AppCommunication.m in Sources */,
				4D68B9581A16AD3A003285E4 /* DukeHack.xcdatamodeld in Sources */,
				4D9D93E01A17E60A001B5017 /* SongDictionary.m in Sources */,
				4D7AF8C11A170C7D00DB5B66 /* LoadingViewController.m in Sources */,
				62518C7C1A17B3B600CBBCE2 /* MapViewController.m in Sources */,
				4D4E3F591A1730E100DB1F56 /* MainViewController.m in Sources */,
				4D68B9521A16AD39003285E4 /* main.m in Sources */,
			);
			runOnlyForDeploymentPostprocessing = 0;
		};
		4D68B9641A16AD3C003285E4 /* Sources */ = {
			isa = PBXSourcesBuildPhase;
			buildActionMask = 2147483647;
			files = (
				4D68B96F1A16AD3D003285E4 /* DukeHackTests.m in Sources */,
			);
			runOnlyForDeploymentPostprocessing = 0;
		};
/* End PBXSourcesBuildPhase section */

/* Begin PBXTargetDependency section */
		4D68B96A1A16AD3C003285E4 /* PBXTargetDependency */ = {
			isa = PBXTargetDependency;
			target = 4D68B94B1A16AD39003285E4 /* DukeHack */;
			targetProxy = 4D68B9691A16AD3C003285E4 /* PBXContainerItemProxy */;
		};
/* End PBXTargetDependency section */

/* Begin PBXVariantGroup section */
		4D68B95C1A16AD3B003285E4 /* Main.storyboard */ = {
			isa = PBXVariantGroup;
			children = (
				4D68B95D1A16AD3B003285E4 /* Base */,
			);
			name = Main.storyboard;
			sourceTree = "<group>";
		};
		4D68B9611A16AD3B003285E4 /* LaunchScreen.xib */ = {
			isa = PBXVariantGroup;
			children = (
				4D68B9621A16AD3B003285E4 /* Base */,
			);
			name = LaunchScreen.xib;
			sourceTree = "<group>";
		};
/* End PBXVariantGroup section */

/* Begin XCBuildConfiguration section */
		4D68B9701A16AD3D003285E4 /* Debug */ = {
			isa = XCBuildConfiguration;
			buildSettings = {
				ALWAYS_SEARCH_USER_PATHS = NO;
				CLANG_CXX_LANGUAGE_STANDARD = "gnu++0x";
				CLANG_CXX_LIBRARY = "libc++";
				CLANG_ENABLE_MODULES = YES;
				CLANG_ENABLE_OBJC_ARC = YES;
				CLANG_WARN_BOOL_CONVERSION = YES;
				CLANG_WARN_CONSTANT_CONVERSION = YES;
				CLANG_WARN_DIRECT_OBJC_ISA_USAGE = YES_ERROR;
				CLANG_WARN_EMPTY_BODY = YES;
				CLANG_WARN_ENUM_CONVERSION = YES;
				CLANG_WARN_INT_CONVERSION = YES;
				CLANG_WARN_OBJC_ROOT_CLASS = YES_ERROR;
				CLANG_WARN_UNREACHABLE_CODE = YES;
				CLANG_WARN__DUPLICATE_METHOD_MATCH = YES;
				"CODE_SIGN_IDENTITY[sdk=iphoneos*]" = "iPhone Developer";
				COPY_PHASE_STRIP = NO;
				ENABLE_STRICT_OBJC_MSGSEND = YES;
				GCC_C_LANGUAGE_STANDARD = gnu99;
				GCC_DYNAMIC_NO_PIC = NO;
				GCC_OPTIMIZATION_LEVEL = 0;
				GCC_PREPROCESSOR_DEFINITIONS = (
					"DEBUG=1",
					"$(inherited)",
				);
				GCC_SYMBOLS_PRIVATE_EXTERN = NO;
				GCC_WARN_64_TO_32_BIT_CONVERSION = YES;
				GCC_WARN_ABOUT_RETURN_TYPE = YES_ERROR;
				GCC_WARN_UNDECLARED_SELECTOR = YES;
				GCC_WARN_UNINITIALIZED_AUTOS = YES_AGGRESSIVE;
				GCC_WARN_UNUSED_FUNCTION = YES;
				GCC_WARN_UNUSED_VARIABLE = YES;
				IPHONEOS_DEPLOYMENT_TARGET = 8.1;
				MTL_ENABLE_DEBUG_INFO = YES;
				ONLY_ACTIVE_ARCH = YES;
				SDKROOT = iphoneos;
				TARGETED_DEVICE_FAMILY = "1,2";
			};
			name = Debug;
		};
		4D68B9711A16AD3D003285E4 /* Release */ = {
			isa = XCBuildConfiguration;
			buildSettings = {
				ALWAYS_SEARCH_USER_PATHS = NO;
				CLANG_CXX_LANGUAGE_STANDARD = "gnu++0x";
				CLANG_CXX_LIBRARY = "libc++";
				CLANG_ENABLE_MODULES = YES;
				CLANG_ENABLE_OBJC_ARC = YES;
				CLANG_WARN_BOOL_CONVERSION = YES;
				CLANG_WARN_CONSTANT_CONVERSION = YES;
				CLANG_WARN_DIRECT_OBJC_ISA_USAGE = YES_ERROR;
				CLANG_WARN_EMPTY_BODY = YES;
				CLANG_WARN_ENUM_CONVERSION = YES;
				CLANG_WARN_INT_CONVERSION = YES;
				CLANG_WARN_OBJC_ROOT_CLASS = YES_ERROR;
				CLANG_WARN_UNREACHABLE_CODE = YES;
				CLANG_WARN__DUPLICATE_METHOD_MATCH = YES;
				"CODE_SIGN_IDENTITY[sdk=iphoneos*]" = "iPhone Developer";
				COPY_PHASE_STRIP = YES;
				ENABLE_NS_ASSERTIONS = NO;
				ENABLE_STRICT_OBJC_MSGSEND = YES;
				GCC_C_LANGUAGE_STANDARD = gnu99;
				GCC_WARN_64_TO_32_BIT_CONVERSION = YES;
				GCC_WARN_ABOUT_RETURN_TYPE = YES_ERROR;
				GCC_WARN_UNDECLARED_SELECTOR = YES;
				GCC_WARN_UNINITIALIZED_AUTOS = YES_AGGRESSIVE;
				GCC_WARN_UNUSED_FUNCTION = YES;
				GCC_WARN_UNUSED_VARIABLE = YES;
				IPHONEOS_DEPLOYMENT_TARGET = 8.1;
				MTL_ENABLE_DEBUG_INFO = NO;
				SDKROOT = iphoneos;
				TARGETED_DEVICE_FAMILY = "1,2";
				VALIDATE_PRODUCT = YES;
			};
			name = Release;
		};
		4D68B9731A16AD3D003285E4 /* Debug */ = {
			isa = XCBuildConfiguration;
			baseConfigurationReference = 921ECAC73139BF2234C8C44B /* Pods-DukeHack.debug.xcconfig */;
			buildSettings = {
				ASSETCATALOG_COMPILER_APPICON_NAME = AppIcon;
				FRAMEWORK_SEARCH_PATHS = (
					"$(inherited)",
					"$(PROJECT_DIR)",
				);
				INFOPLIST_FILE = DukeHack/Info.plist;
				LD_RUNPATH_SEARCH_PATHS = "$(inherited) @executable_path/Frameworks";
				PRODUCT_NAME = "$(TARGET_NAME)";
			};
			name = Debug;
		};
		4D68B9741A16AD3D003285E4 /* Release */ = {
			isa = XCBuildConfiguration;
			baseConfigurationReference = AD2D6B4FD5CF3B1DB8B9F04B /* Pods-DukeHack.release.xcconfig */;
			buildSettings = {
				ASSETCATALOG_COMPILER_APPICON_NAME = AppIcon;
				FRAMEWORK_SEARCH_PATHS = (
					"$(inherited)",
					"$(PROJECT_DIR)",
				);
				INFOPLIST_FILE = DukeHack/Info.plist;
				LD_RUNPATH_SEARCH_PATHS = "$(inherited) @executable_path/Frameworks";
				PRODUCT_NAME = "$(TARGET_NAME)";
			};
			name = Release;
		};
		4D68B9761A16AD3D003285E4 /* Debug */ = {
			isa = XCBuildConfiguration;
			buildSettings = {
				BUNDLE_LOADER = "$(TEST_HOST)";
				FRAMEWORK_SEARCH_PATHS = (
					"$(SDKROOT)/Developer/Library/Frameworks",
					"$(inherited)",
				);
				GCC_PREPROCESSOR_DEFINITIONS = (
					"DEBUG=1",
					"$(inherited)",
				);
				INFOPLIST_FILE = DukeHackTests/Info.plist;
				LD_RUNPATH_SEARCH_PATHS = "$(inherited) @executable_path/Frameworks @loader_path/Frameworks";
				PRODUCT_NAME = "$(TARGET_NAME)";
				TEST_HOST = "$(BUILT_PRODUCTS_DIR)/DukeHack.app/DukeHack";
			};
			name = Debug;
		};
		4D68B9771A16AD3D003285E4 /* Release */ = {
			isa = XCBuildConfiguration;
			buildSettings = {
				BUNDLE_LOADER = "$(TEST_HOST)";
				FRAMEWORK_SEARCH_PATHS = (
					"$(SDKROOT)/Developer/Library/Frameworks",
					"$(inherited)",
				);
				INFOPLIST_FILE = DukeHackTests/Info.plist;
				LD_RUNPATH_SEARCH_PATHS = "$(inherited) @executable_path/Frameworks @loader_path/Frameworks";
				PRODUCT_NAME = "$(TARGET_NAME)";
				TEST_HOST = "$(BUILT_PRODUCTS_DIR)/DukeHack.app/DukeHack";
			};
			name = Release;
		};
/* End XCBuildConfiguration section */

/* Begin XCConfigurationList section */
		4D68B9471A16AD39003285E4 /* Build configuration list for PBXProject "DukeHack" */ = {
			isa = XCConfigurationList;
			buildConfigurations = (
				4D68B9701A16AD3D003285E4 /* Debug */,
				4D68B9711A16AD3D003285E4 /* Release */,
			);
			defaultConfigurationIsVisible = 0;
			defaultConfigurationName = Release;
		};
		4D68B9721A16AD3D003285E4 /* Build configuration list for PBXNativeTarget "DukeHack" */ = {
			isa = XCConfigurationList;
			buildConfigurations = (
				4D68B9731A16AD3D003285E4 /* Debug */,
				4D68B9741A16AD3D003285E4 /* Release */,
			);
			defaultConfigurationIsVisible = 0;
			defaultConfigurationName = Release;
		};
		4D68B9751A16AD3D003285E4 /* Build configuration list for PBXNativeTarget "DukeHackTests" */ = {
			isa = XCConfigurationList;
			buildConfigurations = (
				4D68B9761A16AD3D003285E4 /* Debug */,
				4D68B9771A16AD3D003285E4 /* Release */,
			);
			defaultConfigurationIsVisible = 0;
			defaultConfigurationName = Release;
		};
/* End XCConfigurationList section */

/* Begin XCVersionGroup section */
		4D68B9561A16AD3A003285E4 /* DukeHack.xcdatamodeld */ = {
			isa = XCVersionGroup;
			children = (
				4D68B9571A16AD3A003285E4 /* DukeHack.xcdatamodel */,
			);
			currentVersion = 4D68B9571A16AD3A003285E4 /* DukeHack.xcdatamodel */;
			path = DukeHack.xcdatamodeld;
			sourceTree = "<group>";
			versionGroupType = wrapper.xcdatamodel;
		};
/* End XCVersionGroup section */
	};
	rootObject = 4D68B9441A16AD39003285E4 /* Project object */;
}
